
Microsoft Visual Studio Solution File, Format Version 12.00
# Visual Studio Version 17
VisualStudioVersion = 17.0.32014.148
MinimumVisualStudioVersion = 10.0.40219.1
Project("{9A19103F-16F7-4668-BE54-9A1E7A4F7556}") = "SM64BS", "SM64BS\SM64BS.csproj", "{A444D648-1A32-420B-9ECD-A6F2144DA29E}"
EndProject
Project("{FAE04EC0-301F-11D3-BF4B-00C04F79EFBC}") = "SM64BSUnityPlugin", "SM64BSUnityPlugin\SM64BSUnityPlugin.csproj", "{755A63FC-76E9-42D3-ADF5-A38CD5ADA570}"
EndProject
Global
	GlobalSection(SolutionConfigurationPlatforms) = preSolution
		Debug|Any CPU = Debug|Any CPU
		Release|Any CPU = Release|Any CPU
	EndGlobalSection
	GlobalSection(ProjectConfigurationPlatforms) = postSolution
		{A444D648-1A32-420B-9ECD-A6F2144DA29E}.Debug|Any CPU.ActiveCfg = Debug|Any CPU
		{A444D648-1A32-420B-9ECD-A6F2144DA29E}.Debug|Any CPU.Build.0 = Debug|Any CPU
		{A444D648-1A32-420B-9ECD-A6F2144DA29E}.Release|Any CPU.ActiveCfg = Release|Any CPU
		{A444D648-1A32-420B-9ECD-A6F2144DA29E}.Release|Any CPU.Build.0 = Release|Any CPU
		{755A63FC-76E9-42D3-ADF5-A38CD5ADA570}.Debug|Any CPU.ActiveCfg = Debug|Any CPU
		{755A63FC-76E9-42D3-ADF5-A38CD5ADA570}.Debug|Any CPU.Build.0 = Debug|Any CPU
		{755A63FC-76E9-42D3-ADF5-A38CD5ADA570}.Release|Any CPU.ActiveCfg = Release|Any CPU
		{755A63FC-76E9-42D3-ADF5-A38CD5ADA570}.Release|Any CPU.Build.0 = Release|Any CPU
	EndGlobalSection
	GlobalSection(SolutionProperties) = preSolution
		HideSolutionNode = FALSE
	EndGlobalSection
	GlobalSection(ExtensibilityGlobals) = postSolution
		SolutionGuid = {B73B0B2E-0BD5-4FD3-9613-F9E99CFF2E3B}
	EndGlobalSection
EndGlobal
